
Microsoft Visual Studio Solution File, Format Version 12.00
# Visual Studio Version 17
VisualStudioVersion = 17.3.32804.467
MinimumVisualStudioVersion = 10.0.40219.1
Project("{FAE04EC0-301F-11D3-BF4B-00C04F79EFBC}") = "REIZ_TECH_Problem_01", "REIZ_TECH_Problem_01\REIZ_TECH_Problem_01.csproj", "{13EBC3F8-8A33-48FC-9559-C27A69B101EC}"
EndProject
Project("{FAE04EC0-301F-11D3-BF4B-00C04F79EFBC}") = "REIZ_TECH_Problem_02", "REIZ_TECH_Problem_02\REIZ_TECH_Problem_02.csproj", "{19887764-E087-418D-809E-8C4CCFB39345}"
EndProject
Global
	GlobalSection(SolutionConfigurationPlatforms) = preSolution
		Debug|Any CPU = Debug|Any CPU
		Release|Any CPU = Release|Any CPU
	EndGlobalSection
	GlobalSection(ProjectConfigurationPlatforms) = postSolution
		{13EBC3F8-8A33-48FC-9559-C27A69B101EC}.Debug|Any CPU.ActiveCfg = Debug|Any CPU
		{13EBC3F8-8A33-48FC-9559-C27A69B101EC}.Debug|Any CPU.Build.0 = Debug|Any CPU
		{13EBC3F8-8A33-48FC-9559-C27A69B101EC}.Release|Any CPU.ActiveCfg = Release|Any CPU
		{13EBC3F8-8A33-48FC-9559-C27A69B101EC}.Release|Any CPU.Build.0 = Release|Any CPU
		{19887764-E087-418D-809E-8C4CCFB39345}.Debug|Any CPU.ActiveCfg = Debug|Any CPU
		{19887764-E087-418D-809E-8C4CCFB39345}.Debug|Any CPU.Build.0 = Debug|Any CPU
		{19887764-E087-418D-809E-8C4CCFB39345}.Release|Any CPU.ActiveCfg = Release|Any CPU
		{19887764-E087-418D-809E-8C4CCFB39345}.Release|Any CPU.Build.0 = Release|Any CPU
	EndGlobalSection
	GlobalSection(SolutionProperties) = preSolution
		HideSolutionNode = FALSE
	EndGlobalSection
	GlobalSection(ExtensibilityGlobals) = postSolution
		SolutionGuid = {5F58BDF3-7B6F-4021-8A62-7DA16FCE6D71}
	EndGlobalSection
EndGlobal
